dependencies:
- name: solr
  repository: https://storage.googleapis.com/kubernetes-charts-incubator
  version: 1.0.0
- name: redis
  repository: https://kubernetes-charts.storage.googleapis.com/
  version: 10.3.1
- name: postgresql
  repository: https://kubernetes-charts.storage.googleapis.com/
  version: 8.1.2
digest: sha256:3e9964d1380545122580002e0f0d173bfaa90f2c603e4b8c4908b6d34b3bdd9c
generated: "2020-01-07T21:24:42.015122-08:00"
