dependencies:
- name: solr
  repository: https://charts.helm.sh/incubator
  version: 1.5.2
- name: redis
  repository: https://charts.helm.sh/stable
  version: 10.3.1
- name: postgresql
  repository: https://charts.helm.sh/stable
  version: 8.1.2
digest: sha256:46437dac0445cba9efdc22f4d3cfb89bf367b1332b08ac4ce1532bee21e46294
generated: "2021-05-10T13:30:44.923306-07:00"
